
Microsoft Visual Studio Solution File, Format Version 12.00
# Visual Studio 2017
Project("{FAE04EC0-301F-11D3-BF4B-00C04F79EFBC}") = "Pokemon Landworld Evolution Battle Epic", "Pokemon Landworld Evolution Battle Epic.csproj", "{38EC9BB7-D33A-9240-8A38-689F9D5CD83E}"
EndProject
Global
	GlobalSection(SolutionConfigurationPlatforms) = preSolution
		Debug|Any CPU = Debug|Any CPU
		Release|Any CPU = Release|Any CPU
	EndGlobalSection
	GlobalSection(ProjectConfigurationPlatforms) = postSolution
		{38EC9BB7-D33A-9240-8A38-689F9D5CD83E}.Debug|Any CPU.ActiveCfg = Debug|Any CPU
		{38EC9BB7-D33A-9240-8A38-689F9D5CD83E}.Debug|Any CPU.Build.0 = Debug|Any CPU
		{38EC9BB7-D33A-9240-8A38-689F9D5CD83E}.Release|Any CPU.ActiveCfg = Release|Any CPU
		{38EC9BB7-D33A-9240-8A38-689F9D5CD83E}.Release|Any CPU.Build.0 = Release|Any CPU
	EndGlobalSection
	GlobalSection(SolutionProperties) = preSolution
		HideSolutionNode = FALSE
	EndGlobalSection
EndGlobal
